# THIS IS AN AUTOGENERATED FILE. DO NOT EDIT THIS FILE DIRECTLY.
# yarn lockfile v1


teamcity-service-messages@^0.1.14:
  version "0.1.14"
  resolved "https://registry.yarnpkg.com/teamcity-service-messages/-/teamcity-service-messages-0.1.14.tgz#193d420a5e4aef8e5e50b8c39e7865e08fbb5d8a"
  integrity sha512-29aQwaHqm8RMX74u2o/h1KbMLP89FjNiMxD9wbF2BbWOnbM+q+d1sCEC+MqCc4QW3NJykn77OMpTFw/xTHIc0w==
